// !$*UTF8*$!
{
	archiveVersion = 1;
	classes = {
	};
	objectVersion = 52;
	objects = {

/* Begin PBXBuildFile section */
		5A4CBEBB2308CAA30056E710 /* CollaboratorDisplayData.swift in Sources */ = {isa = PBXBuildFile; fileRef = 5A4CBEBA2308CAA30056E710 /* CollaboratorDisplayData.swift */; };
		5A4CBEBD2308CEAF0056E710 /* CommunityProfileDisplayData.swift in Sources */ = {isa = PBXBuildFile; fileRef = 5A4CBEBC2308CEAF0056E710 /* CommunityProfileDisplayData.swift */; };
		5A4CBEBF2308D13A0056E710 /* Date+Additions.swift in Sources */ = {isa = PBXBuildFile; fileRef = 5A4CBEBE2308D13A0056E710 /* Date+Additions.swift */; };
		5A4CBEC12308D2240056E710 /* ReleaseDisplayData.swift in Sources */ = {isa = PBXBuildFile; fileRef = 5A4CBEC02308D2240056E710 /* ReleaseDisplayData.swift */; };
		5A4CBEC32308D4810056E710 /* CommunityProfileView.swift in Sources */ = {isa = PBXBuildFile; fileRef = 5A4CBEC22308D4810056E710 /* CommunityProfileView.swift */; };
		5A4CBEC72308D7F70056E710 /* CommunityProfileView.xib in Resources */ = {isa = PBXBuildFile; fileRef = 5A4CBEC62308D7F70056E710 /* CommunityProfileView.xib */; };
		5A4CBEC92308E06A0056E710 /* ReleaseView.xib in Resources */ = {isa = PBXBuildFile; fileRef = 5A4CBEC82308E06A0056E710 /* ReleaseView.xib */; };
		5A4CBECB2308E0770056E710 /* ReleaseView.swift in Sources */ = {isa = PBXBuildFile; fileRef = 5A4CBECA2308E0770056E710 /* ReleaseView.swift */; };
		5A4CBECD2308E93E0056E710 /* CollaboratorView.xib in Resources */ = {isa = PBXBuildFile; fileRef = 5A4CBECC2308E93E0056E710 /* CollaboratorView.xib */; };
		5A4CBECF2308E94F0056E710 /* CollaboratorView.swift in Sources */ = {isa = PBXBuildFile; fileRef = 5A4CBECE2308E94F0056E710 /* CollaboratorView.swift */; };
		5A61EECE22EF208B00054B92 /* SearchListUseCase.swift in Sources */ = {isa = PBXBuildFile; fileRef = 5A61EECD22EF208B00054B92 /* SearchListUseCase.swift */; };
		5A61EED222EF265B00054B92 /* SearchRepository.swift in Sources */ = {isa = PBXBuildFile; fileRef = 5A61EED122EF265B00054B92 /* SearchRepository.swift */; };
		5A61EED422EF271B00054B92 /* HTTPRequestable.swift in Sources */ = {isa = PBXBuildFile; fileRef = 5A61EED322EF271B00054B92 /* HTTPRequestable.swift */; };
		5A61EED622EF2C8A00054B92 /* SearchRequestClient.swift in Sources */ = {isa = PBXBuildFile; fileRef = 5A61EED522EF2C8A00054B92 /* SearchRequestClient.swift */; };
		5A662C5123083D2E00BD0403 /* DetailViewController.swift in Sources */ = {isa = PBXBuildFile; fileRef = 5A662C5023083D2E00BD0403 /* DetailViewController.swift */; };
		5A662C5323083DA700BD0403 /* DetailView.swift in Sources */ = {isa = PBXBuildFile; fileRef = 5A662C5223083DA700BD0403 /* DetailView.swift */; };
		5A662C5523083DF300BD0403 /* DetailPresenter.xib in Resources */ = {isa = PBXBuildFile; fileRef = 5A662C5423083DF300BD0403 /* DetailPresenter.xib */; };
		5A662C5723083F6A00BD0403 /* ReleaseClient.swift in Sources */ = {isa = PBXBuildFile; fileRef = 5A662C5623083F6A00BD0403 /* ReleaseClient.swift */; };
		5A662C5923083F9500BD0403 /* CollaboratorsClient.swift in Sources */ = {isa = PBXBuildFile; fileRef = 5A662C5823083F9500BD0403 /* CollaboratorsClient.swift */; };
		5A662C5B23083FC200BD0403 /* CommunityProfileClient.swift in Sources */ = {isa = PBXBuildFile; fileRef = 5A662C5A23083FC200BD0403 /* CommunityProfileClient.swift */; };
		5A662C5D230841F400BD0403 /* ReleaseData.swift in Sources */ = {isa = PBXBuildFile; fileRef = 5A662C5C230841F400BD0403 /* ReleaseData.swift */; };
		5A662C5F2308423800BD0403 /* CommunityProfileData.swift in Sources */ = {isa = PBXBuildFile; fileRef = 5A662C5E2308423800BD0403 /* CommunityProfileData.swift */; };
		5A662C61230842BB00BD0403 /* CollaboratorData.swift in Sources */ = {isa = PBXBuildFile; fileRef = 5A662C60230842BB00BD0403 /* CollaboratorData.swift */; };
		5A667EA02312858E00C8E190 /* CommunityProfileRepository.swift in Sources */ = {isa = PBXBuildFile; fileRef = 5A667E9F2312858E00C8E190 /* CommunityProfileRepository.swift */; };
		5A667EA523129C3E00C8E190 /* ReleaseRepository.swift in Sources */ = {isa = PBXBuildFile; fileRef = 5A667EA423129C3E00C8E190 /* ReleaseRepository.swift */; };
		5A667EA723129FF900C8E190 /* CollaboratorRepository.swift in Sources */ = {isa = PBXBuildFile; fileRef = 5A667EA623129FF900C8E190 /* CollaboratorRepository.swift */; };
		5A74E1662307F20600EFEA7C /* RepositoryData.swift in Sources */ = {isa = PBXBuildFile; fileRef = 5A74E1652307F20600EFEA7C /* RepositoryData.swift */; };
		5A8957432308279B00A6099E /* RepositoryDisplayData.swift in Sources */ = {isa = PBXBuildFile; fileRef = 5A8957422308279B00A6099E /* RepositoryDisplayData.swift */; };
		5A923504232CEF7A001E5735 /* Repository.swift in Sources */ = {isa = PBXBuildFile; fileRef = 5A923503232CEF7A001E5735 /* Repository.swift */; };
		5A923506232CEF86001E5735 /* Release.swift in Sources */ = {isa = PBXBuildFile; fileRef = 5A923505232CEF86001E5735 /* Release.swift */; };
		5A923508232CEF91001E5735 /* CommunityProfile.swift in Sources */ = {isa = PBXBuildFile; fileRef = 5A923507232CEF91001E5735 /* CommunityProfile.swift */; };
		5A92350A232CEF9B001E5735 /* Collaborator.swift in Sources */ = {isa = PBXBuildFile; fileRef = 5A923509232CEF9B001E5735 /* Collaborator.swift */; };
		5A9400102301A32D005A549D /* GitHubAPIResponseHeader.swift in Sources */ = {isa = PBXBuildFile; fileRef = 5A94000F2301A32D005A549D /* GitHubAPIResponseHeader.swift */; };
		5A9400122301AEDD005A549D /* UIView+Additions.swift in Sources */ = {isa = PBXBuildFile; fileRef = 5A9400112301AEDD005A549D /* UIView+Additions.swift */; };
		5A940D18230933ED00BD0A08 /* DetailViewModel.swift in Sources */ = {isa = PBXBuildFile; fileRef = 5A940D17230933ED00BD0A08 /* DetailViewModel.swift */; };
		5A940D1A2309349400BD0A08 /* DetailUseCase.swift in Sources */ = {isa = PBXBuildFile; fileRef = 5A940D192309349400BD0A08 /* DetailUseCase.swift */; };
		5A9953052302F43D009FCDF9 /* Nuke in Frameworks */ = {isa = PBXBuildFile; productRef = 5A9953042302F43D009FCDF9 /* Nuke */; };
		5A9B912122EBEB0500996712 /* AppDelegate.swift in Sources */ = {isa = PBXBuildFile; fileRef = 5A9B912022EBEB0500996712 /* AppDelegate.swift */; };
		5A9B912322EBEB0500996712 /* SceneDelegate.swift in Sources */ = {isa = PBXBuildFile; fileRef = 5A9B912222EBEB0500996712 /* SceneDelegate.swift */; };
		5A9B912822EBEB0500996712 /* Main.storyboard in Resources */ = {isa = PBXBuildFile; fileRef = 5A9B912622EBEB0500996712 /* Main.storyboard */; };
		5A9B912A22EBEB0600996712 /* Assets.xcassets in Resources */ = {isa = PBXBuildFile; fileRef = 5A9B912922EBEB0600996712 /* Assets.xcassets */; };
		5A9B912D22EBEB0600996712 /* LaunchScreen.storyboard in Resources */ = {isa = PBXBuildFile; fileRef = 5A9B912B22EBEB0600996712 /* LaunchScreen.storyboard */; };
		5A9B913822EBEB0600996712 /* iOSLayeredSampleTests.swift in Sources */ = {isa = PBXBuildFile; fileRef = 5A9B913722EBEB0600996712 /* iOSLayeredSampleTests.swift */; };
		5A9C6D1322EFB5F800C41CB0 /* RequestErrorReason.swift in Sources */ = {isa = PBXBuildFile; fileRef = 5A9C6D1222EFB5F800C41CB0 /* RequestErrorReason.swift */; };
		5A9EFC832311353300490D92 /* UISearchBarDelegateProxy.swift in Sources */ = {isa = PBXBuildFile; fileRef = 5A9EFC822311353300490D92 /* UISearchBarDelegateProxy.swift */; };
		5A9EFC852311637100490D92 /* DispatchQueue+Additions.swift in Sources */ = {isa = PBXBuildFile; fileRef = 5A9EFC842311637100490D92 /* DispatchQueue+Additions.swift */; };
		5A9EFC8823123F5500490D92 /* StarColor.swift in Sources */ = {isa = PBXBuildFile; fileRef = 5A9EFC8723123F5500490D92 /* StarColor.swift */; };
		5A9EFC8B2312409400490D92 /* StarColor+Extension.swift in Sources */ = {isa = PBXBuildFile; fileRef = 5A9EFC8A2312409400490D92 /* StarColor+Extension.swift */; };
		5AA7E3E02331E45A0011CE1B /* CollaboratorTitleView.xib in Resources */ = {isa = PBXBuildFile; fileRef = 5AA7E3DF2331E45A0011CE1B /* CollaboratorTitleView.xib */; };
		5AA7E3E22331E4690011CE1B /* CollaboratorTitleView.swift in Sources */ = {isa = PBXBuildFile; fileRef = 5AA7E3E12331E4690011CE1B /* CollaboratorTitleView.swift */; };
		5AA7E3E423320BD00011CE1B /* DetailContributorTitleDisplayData.swift in Sources */ = {isa = PBXBuildFile; fileRef = 5AA7E3E323320BD00011CE1B /* DetailContributorTitleDisplayData.swift */; };
		5AADA5FA22EC101A001BA1AD /* SearchListView.swift in Sources */ = {isa = PBXBuildFile; fileRef = 5AADA5F922EC101A001BA1AD /* SearchListView.swift */; };
		5AADA5FE22EC105D001BA1AD /* SearchListView.xib in Resources */ = {isa = PBXBuildFile; fileRef = 5AADA5FD22EC105D001BA1AD /* SearchListView.xib */; };
		5AADA60822EC16CC001BA1AD /* SearchListViewController.swift in Sources */ = {isa = PBXBuildFile; fileRef = 5AADA60722EC16CC001BA1AD /* SearchListViewController.swift */; };
		5AADA60C22EC1720001BA1AD /* APISettings.swift in Sources */ = {isa = PBXBuildFile; fileRef = 5AADA60B22EC1720001BA1AD /* APISettings.swift */; };
		5AADA61322EC1B66001BA1AD /* ListPresenter.swift in Sources */ = {isa = PBXBuildFile; fileRef = 5AADA61222EC1B66001BA1AD /* ListPresenter.swift */; };
		5AADA61722EC1D58001BA1AD /* RepositoryTableViewCell.xib in Resources */ = {isa = PBXBuildFile; fileRef = 5AADA61622EC1D58001BA1AD /* RepositoryTableViewCell.xib */; };
		5AADA61922EC1D64001BA1AD /* RepositoryTableViewCell.swift in Sources */ = {isa = PBXBuildFile; fileRef = 5AADA61822EC1D64001BA1AD /* RepositoryTableViewCell.swift */; };
		5AADA61C22EC1F47001BA1AD /* NSObject+Additions.swift in Sources */ = {isa = PBXBuildFile; fileRef = 5AADA61B22EC1F47001BA1AD /* NSObject+Additions.swift */; };
		5AADA61E22EC33AB001BA1AD /* SearchListViewModel.swift in Sources */ = {isa = PBXBuildFile; fileRef = 5AADA61D22EC33AB001BA1AD /* SearchListViewModel.swift */; };
		5AB6D66E22F54106008C3D14 /* LoadingDisplayData.swift in Sources */ = {isa = PBXBuildFile; fileRef = 5AB6D66D22F54106008C3D14 /* LoadingDisplayData.swift */; };
		5AB6D67022F5419A008C3D14 /* Displayable.swift in Sources */ = {isa = PBXBuildFile; fileRef = 5AB6D66F22F5419A008C3D14 /* Displayable.swift */; };
		5AB6D67222F542E1008C3D14 /* ContentsStatus.swift in Sources */ = {isa = PBXBuildFile; fileRef = 5AB6D67122F542E1008C3D14 /* ContentsStatus.swift */; };
		5AB6D67422F59D46008C3D14 /* LoadingCell.xib in Resources */ = {isa = PBXBuildFile; fileRef = 5AB6D67322F59D46008C3D14 /* LoadingCell.xib */; };
		5AB6D67622F59D7E008C3D14 /* LoadingCell.swift in Sources */ = {isa = PBXBuildFile; fileRef = 5AB6D67522F59D7E008C3D14 /* LoadingCell.swift */; };
		5ABAAC11231B9B9000AF76A7 /* GitHubAPIRequestable.swift in Sources */ = {isa = PBXBuildFile; fileRef = 5ABAAC10231B9B9000AF76A7 /* GitHubAPIRequestable.swift */; };
		5ABB0BDD2308FE470072660A /* LoadingView.swift in Sources */ = {isa = PBXBuildFile; fileRef = 5ABB0BDC2308FE470072660A /* LoadingView.swift */; };
		5ABB0BDF2308FE520072660A /* LoadingView.xib in Resources */ = {isa = PBXBuildFile; fileRef = 5ABB0BDE2308FE520072660A /* LoadingView.xib */; };
/* End PBXBuildFile section */

/* Begin PBXContainerItemProxy section */
		5A9B913422EBEB0600996712 /* PBXContainerItemProxy */ = {
			isa = PBXContainerItemProxy;
			containerPortal = 5A9B911522EBEB0500996712 /* Project object */;
			proxyType = 1;
			remoteGlobalIDString = 5A9B911C22EBEB0500996712;
			remoteInfo = iOSLayeredSample;
		};
/* End PBXContainerItemProxy section */

/* Begin PBXFileReference section */
		5A4CBEBA2308CAA30056E710 /* CollaboratorDisplayData.swift */ = {isa = PBXFileReference; lastKnownFileType = sourcecode.swift; path = CollaboratorDisplayData.swift; sourceTree = "<group>"; };
		5A4CBEBC2308CEAF0056E710 /* CommunityProfileDisplayData.swift */ = {isa = PBXFileReference; lastKnownFileType = sourcecode.swift; path = CommunityProfileDisplayData.swift; sourceTree = "<group>"; };
		5A4CBEBE2308D13A0056E710 /* Date+Additions.swift */ = {isa = PBXFileReference; lastKnownFileType = sourcecode.swift; path = "Date+Additions.swift"; sourceTree = "<group>"; };
		5A4CBEC02308D2240056E710 /* ReleaseDisplayData.swift */ = {isa = PBXFileReference; lastKnownFileType = sourcecode.swift; path = ReleaseDisplayData.swift; sourceTree = "<group>"; };
		5A4CBEC22308D4810056E710 /* CommunityProfileView.swift */ = {isa = PBXFileReference; lastKnownFileType = sourcecode.swift; path = CommunityProfileView.swift; sourceTree = "<group>"; };
		5A4CBEC62308D7F70056E710 /* CommunityProfileView.xib */ = {isa = PBXFileReference; lastKnownFileType = file.xib; path = CommunityProfileView.xib; sourceTree = "<group>"; };
		5A4CBEC82308E06A0056E710 /* ReleaseView.xib */ = {isa = PBXFileReference; lastKnownFileType = file.xib; path = ReleaseView.xib; sourceTree = "<group>"; };
		5A4CBECA2308E0770056E710 /* ReleaseView.swift */ = {isa = PBXFileReference; lastKnownFileType = sourcecode.swift; path = ReleaseView.swift; sourceTree = "<group>"; };
		5A4CBECC2308E93E0056E710 /* CollaboratorView.xib */ = {isa = PBXFileReference; lastKnownFileType = file.xib; path = CollaboratorView.xib; sourceTree = "<group>"; };
		5A4CBECE2308E94F0056E710 /* CollaboratorView.swift */ = {isa = PBXFileReference; lastKnownFileType = sourcecode.swift; path = CollaboratorView.swift; sourceTree = "<group>"; };
		5A61EECD22EF208B00054B92 /* SearchListUseCase.swift */ = {isa = PBXFileReference; lastKnownFileType = sourcecode.swift; path = SearchListUseCase.swift; sourceTree = "<group>"; };
		5A61EED122EF265B00054B92 /* SearchRepository.swift */ = {isa = PBXFileReference; lastKnownFileType = sourcecode.swift; path = SearchRepository.swift; sourceTree = "<group>"; };
		5A61EED322EF271B00054B92 /* HTTPRequestable.swift */ = {isa = PBXFileReference; lastKnownFileType = sourcecode.swift; path = HTTPRequestable.swift; sourceTree = "<group>"; };
		5A61EED522EF2C8A00054B92 /* SearchRequestClient.swift */ = {isa = PBXFileReference; lastKnownFileType = sourcecode.swift; path = SearchRequestClient.swift; sourceTree = "<group>"; };
		5A662C5023083D2E00BD0403 /* DetailViewController.swift */ = {isa = PBXFileReference; lastKnownFileType = sourcecode.swift; path = DetailViewController.swift; sourceTree = "<group>"; };
		5A662C5223083DA700BD0403 /* DetailView.swift */ = {isa = PBXFileReference; lastKnownFileType = sourcecode.swift; path = DetailView.swift; sourceTree = "<group>"; };
		5A662C5423083DF300BD0403 /* DetailPresenter.xib */ = {isa = PBXFileReference; lastKnownFileType = file.xib; path = DetailPresenter.xib; sourceTree = "<group>"; };
		5A662C5623083F6A00BD0403 /* ReleaseClient.swift */ = {isa = PBXFileReference; lastKnownFileType = sourcecode.swift; path = ReleaseClient.swift; sourceTree = "<group>"; };
		5A662C5823083F9500BD0403 /* CollaboratorsClient.swift */ = {isa = PBXFileReference; lastKnownFileType = sourcecode.swift; path = CollaboratorsClient.swift; sourceTree = "<group>"; };
		5A662C5A23083FC200BD0403 /* CommunityProfileClient.swift */ = {isa = PBXFileReference; lastKnownFileType = sourcecode.swift; path = CommunityProfileClient.swift; sourceTree = "<group>"; };
		5A662C5C230841F400BD0403 /* ReleaseData.swift */ = {isa = PBXFileReference; lastKnownFileType = sourcecode.swift; path = ReleaseData.swift; sourceTree = "<group>"; };
		5A662C5E2308423800BD0403 /* CommunityProfileData.swift */ = {isa = PBXFileReference; lastKnownFileType = sourcecode.swift; path = CommunityProfileData.swift; sourceTree = "<group>"; };
		5A662C60230842BB00BD0403 /* CollaboratorData.swift */ = {isa = PBXFileReference; lastKnownFileType = sourcecode.swift; path = CollaboratorData.swift; sourceTree = "<group>"; };
		5A667E9F2312858E00C8E190 /* CommunityProfileRepository.swift */ = {isa = PBXFileReference; lastKnownFileType = sourcecode.swift; path = CommunityProfileRepository.swift; sourceTree = "<group>"; };
		5A667EA423129C3E00C8E190 /* ReleaseRepository.swift */ = {isa = PBXFileReference; lastKnownFileType = sourcecode.swift; path = ReleaseRepository.swift; sourceTree = "<group>"; };
		5A667EA623129FF900C8E190 /* CollaboratorRepository.swift */ = {isa = PBXFileReference; lastKnownFileType = sourcecode.swift; path = CollaboratorRepository.swift; sourceTree = "<group>"; };
		5A74E1652307F20600EFEA7C /* RepositoryData.swift */ = {isa = PBXFileReference; lastKnownFileType = sourcecode.swift; path = RepositoryData.swift; sourceTree = "<group>"; };
		5A8957422308279B00A6099E /* RepositoryDisplayData.swift */ = {isa = PBXFileReference; lastKnownFileType = sourcecode.swift; path = RepositoryDisplayData.swift; sourceTree = "<group>"; };
		5A923503232CEF7A001E5735 /* Repository.swift */ = {isa = PBXFileReference; lastKnownFileType = sourcecode.swift; path = Repository.swift; sourceTree = "<group>"; };
		5A923505232CEF86001E5735 /* Release.swift */ = {isa = PBXFileReference; lastKnownFileType = sourcecode.swift; path = Release.swift; sourceTree = "<group>"; };
		5A923507232CEF91001E5735 /* CommunityProfile.swift */ = {isa = PBXFileReference; lastKnownFileType = sourcecode.swift; path = CommunityProfile.swift; sourceTree = "<group>"; };
		5A923509232CEF9B001E5735 /* Collaborator.swift */ = {isa = PBXFileReference; lastKnownFileType = sourcecode.swift; path = Collaborator.swift; sourceTree = "<group>"; };
		5A94000F2301A32D005A549D /* GitHubAPIResponseHeader.swift */ = {isa = PBXFileReference; lastKnownFileType = sourcecode.swift; path = GitHubAPIResponseHeader.swift; sourceTree = "<group>"; };
		5A9400112301AEDD005A549D /* UIView+Additions.swift */ = {isa = PBXFileReference; lastKnownFileType = sourcecode.swift; path = "UIView+Additions.swift"; sourceTree = "<group>"; };
		5A940D17230933ED00BD0A08 /* DetailViewModel.swift */ = {isa = PBXFileReference; lastKnownFileType = sourcecode.swift; path = DetailViewModel.swift; sourceTree = "<group>"; };
		5A940D192309349400BD0A08 /* DetailUseCase.swift */ = {isa = PBXFileReference; lastKnownFileType = sourcecode.swift; path = DetailUseCase.swift; sourceTree = "<group>"; };
		5A9B911D22EBEB0500996712 /* iOSLayeredSample.app */ = {isa = PBXFileReference; explicitFileType = wrapper.application; includeInIndex = 0; path = iOSLayeredSample.app; sourceTree = BUILT_PRODUCTS_DIR; };
		5A9B912022EBEB0500996712 /* AppDelegate.swift */ = {isa = PBXFileReference; lastKnownFileType = sourcecode.swift; path = AppDelegate.swift; sourceTree = "<group>"; };
		5A9B912222EBEB0500996712 /* SceneDelegate.swift */ = {isa = PBXFileReference; lastKnownFileType = sourcecode.swift; path = SceneDelegate.swift; sourceTree = "<group>"; };
		5A9B912722EBEB0500996712 /* Base */ = {isa = PBXFileReference; lastKnownFileType = file.storyboard; name = Base; path = Base.lproj/Main.storyboard; sourceTree = "<group>"; };
		5A9B912922EBEB0600996712 /* Assets.xcassets */ = {isa = PBXFileReference; lastKnownFileType = folder.assetcatalog; path = Assets.xcassets; sourceTree = "<group>"; };
		5A9B912C22EBEB0600996712 /* Base */ = {isa = PBXFileReference; lastKnownFileType = file.storyboard; name = Base; path = Base.lproj/LaunchScreen.storyboard; sourceTree = "<group>"; };
		5A9B912E22EBEB0600996712 /* Info.plist */ = {isa = PBXFileReference; lastKnownFileType = text.plist.xml; path = Info.plist; sourceTree = "<group>"; };
		5A9B913322EBEB0600996712 /* iOSLayeredSampleTests.xctest */ = {isa = PBXFileReference; explicitFileType = wrapper.cfbundle; includeInIndex = 0; path = iOSLayeredSampleTests.xctest; sourceTree = BUILT_PRODUCTS_DIR; };
		5A9B913722EBEB0600996712 /* iOSLayeredSampleTests.swift */ = {isa = PBXFileReference; lastKnownFileType = sourcecode.swift; path = iOSLayeredSampleTests.swift; sourceTree = "<group>"; };
		5A9B913922EBEB0600996712 /* Info.plist */ = {isa = PBXFileReference; lastKnownFileType = text.plist.xml; path = Info.plist; sourceTree = "<group>"; };
		5A9C6D1222EFB5F800C41CB0 /* RequestErrorReason.swift */ = {isa = PBXFileReference; lastKnownFileType = sourcecode.swift; path = RequestErrorReason.swift; sourceTree = "<group>"; };
		5A9EFC822311353300490D92 /* UISearchBarDelegateProxy.swift */ = {isa = PBXFileReference; lastKnownFileType = sourcecode.swift; path = UISearchBarDelegateProxy.swift; sourceTree = "<group>"; };
		5A9EFC842311637100490D92 /* DispatchQueue+Additions.swift */ = {isa = PBXFileReference; lastKnownFileType = sourcecode.swift; path = "DispatchQueue+Additions.swift"; sourceTree = "<group>"; };
		5A9EFC8723123F5500490D92 /* StarColor.swift */ = {isa = PBXFileReference; lastKnownFileType = sourcecode.swift; path = StarColor.swift; sourceTree = "<group>"; };
		5A9EFC8A2312409400490D92 /* StarColor+Extension.swift */ = {isa = PBXFileReference; lastKnownFileType = sourcecode.swift; path = "StarColor+Extension.swift"; sourceTree = "<group>"; };
		5AA7E3DF2331E45A0011CE1B /* CollaboratorTitleView.xib */ = {isa = PBXFileReference; lastKnownFileType = file.xib; path = CollaboratorTitleView.xib; sourceTree = "<group>"; };
		5AA7E3E12331E4690011CE1B /* CollaboratorTitleView.swift */ = {isa = PBXFileReference; lastKnownFileType = sourcecode.swift; path = CollaboratorTitleView.swift; sourceTree = "<group>"; };
		5AA7E3E323320BD00011CE1B /* DetailContributorTitleDisplayData.swift */ = {isa = PBXFileReference; lastKnownFileType = sourcecode.swift; path = DetailContributorTitleDisplayData.swift; sourceTree = "<group>"; };
		5AADA5F922EC101A001BA1AD /* SearchListView.swift */ = {isa = PBXFileReference; lastKnownFileType = sourcecode.swift; path = SearchListView.swift; sourceTree = "<group>"; };
		5AADA5FD22EC105D001BA1AD /* SearchListView.xib */ = {isa = PBXFileReference; lastKnownFileType = file.xib; path = SearchListView.xib; sourceTree = "<group>"; };
		5AADA60722EC16CC001BA1AD /* SearchListViewController.swift */ = {isa = PBXFileReference; lastKnownFileType = sourcecode.swift; path = SearchListViewController.swift; sourceTree = "<group>"; };
		5AADA60B22EC1720001BA1AD /* APISettings.swift */ = {isa = PBXFileReference; lastKnownFileType = sourcecode.swift; path = APISettings.swift; sourceTree = "<group>"; };
		5AADA61222EC1B66001BA1AD /* ListPresenter.swift */ = {isa = PBXFileReference; lastKnownFileType = sourcecode.swift; path = ListPresenter.swift; sourceTree = "<group>"; };
		5AADA61622EC1D58001BA1AD /* RepositoryTableViewCell.xib */ = {isa = PBXFileReference; lastKnownFileType = file.xib; path = RepositoryTableViewCell.xib; sourceTree = "<group>"; };
		5AADA61822EC1D64001BA1AD /* RepositoryTableViewCell.swift */ = {isa = PBXFileReference; lastKnownFileType = sourcecode.swift; path = RepositoryTableViewCell.swift; sourceTree = "<group>"; };
		5AADA61B22EC1F47001BA1AD /* NSObject+Additions.swift */ = {isa = PBXFileReference; lastKnownFileType = sourcecode.swift; path = "NSObject+Additions.swift"; sourceTree = "<group>"; };
		5AADA61D22EC33AB001BA1AD /* SearchListViewModel.swift */ = {isa = PBXFileReference; lastKnownFileType = sourcecode.swift; path = SearchListViewModel.swift; sourceTree = "<group>"; };
		5AB6D66D22F54106008C3D14 /* LoadingDisplayData.swift */ = {isa = PBXFileReference; lastKnownFileType = sourcecode.swift; path = LoadingDisplayData.swift; sourceTree = "<group>"; };
		5AB6D66F22F5419A008C3D14 /* Displayable.swift */ = {isa = PBXFileReference; lastKnownFileType = sourcecode.swift; path = Displayable.swift; sourceTree = "<group>"; };
		5AB6D67122F542E1008C3D14 /* ContentsStatus.swift */ = {isa = PBXFileReference; lastKnownFileType = sourcecode.swift; path = ContentsStatus.swift; sourceTree = "<group>"; };
		5AB6D67322F59D46008C3D14 /* LoadingCell.xib */ = {isa = PBXFileReference; lastKnownFileType = file.xib; path = LoadingCell.xib; sourceTree = "<group>"; };
		5AB6D67522F59D7E008C3D14 /* LoadingCell.swift */ = {isa = PBXFileReference; lastKnownFileType = sourcecode.swift; path = LoadingCell.swift; sourceTree = "<group>"; };
		5ABAAC10231B9B9000AF76A7 /* GitHubAPIRequestable.swift */ = {isa = PBXFileReference; lastKnownFileType = sourcecode.swift; path = GitHubAPIRequestable.swift; sourceTree = "<group>"; };
		5ABB0BDC2308FE470072660A /* LoadingView.swift */ = {isa = PBXFileReference; lastKnownFileType = sourcecode.swift; path = LoadingView.swift; sourceTree = "<group>"; };
		5ABB0BDE2308FE520072660A /* LoadingView.xib */ = {isa = PBXFileReference; lastKnownFileType = file.xib; path = LoadingView.xib; sourceTree = "<group>"; };
/* End PBXFileReference section */

/* Begin PBXFrameworksBuildPhase section */
		5A9B911A22EBEB0500996712 /* Frameworks */ = {
			isa = PBXFrameworksBuildPhase;
			buildActionMask = 2147483647;
			files = (
				5A9953052302F43D009FCDF9 /* Nuke in Frameworks */,
			);
			runOnlyForDeploymentPostprocessing = 0;
		};
		5A9B913022EBEB0600996712 /* Frameworks */ = {
			isa = PBXFrameworksBuildPhase;
			buildActionMask = 2147483647;
			files = (
			);
			runOnlyForDeploymentPostprocessing = 0;
		};
/* End PBXFrameworksBuildPhase section */

/* Begin PBXGroup section */
		5A172984232E2E5000A9B6A1 /* Value */ = {
			isa = PBXGroup;
			children = (
				5A923505232CEF86001E5735 /* Release.swift */,
				5A923507232CEF91001E5735 /* CommunityProfile.swift */,
				5A923509232CEF9B001E5735 /* Collaborator.swift */,
			);
			path = Value;
			sourceTree = "<group>";
		};
		5A61EEC822EF1FEA00054B92 /* UseCase */ = {
			isa = PBXGroup;
			children = (
				5A61EECD22EF208B00054B92 /* SearchListUseCase.swift */,
				5A940D192309349400BD0A08 /* DetailUseCase.swift */,
			);
			path = UseCase;
			sourceTree = "<group>";
		};
		5A61EEC922EF1FF500054B92 /* Data */ = {
			isa = PBXGroup;
			children = (
				5A662C5C230841F400BD0403 /* ReleaseData.swift */,
				5A662C5E2308423800BD0403 /* CommunityProfileData.swift */,
				5A662C60230842BB00BD0403 /* CollaboratorData.swift */,
				5A74E1652307F20600EFEA7C /* RepositoryData.swift */,
			);
			path = Data;
			sourceTree = "<group>";
		};
		5A61EECA22EF200400054B92 /* Repository */ = {
			isa = PBXGroup;
			children = (
				5A61EED122EF265B00054B92 /* SearchRepository.swift */,
				5A667E9F2312858E00C8E190 /* CommunityProfileRepository.swift */,
				5A667EA423129C3E00C8E190 /* ReleaseRepository.swift */,
				5A667EA623129FF900C8E190 /* CollaboratorRepository.swift */,
			);
			path = Repository;
			sourceTree = "<group>";
		};
		5A662C4E23083CBE00BD0403 /* RepositorySearch */ = {
			isa = PBXGroup;
			children = (
				5AADA60722EC16CC001BA1AD /* SearchListViewController.swift */,
				5AADA5F922EC101A001BA1AD /* SearchListView.swift */,
				5AADA5FD22EC105D001BA1AD /* SearchListView.xib */,
				5AADA61222EC1B66001BA1AD /* ListPresenter.swift */,
				5AADA61622EC1D58001BA1AD /* RepositoryTableViewCell.xib */,
				5AADA61822EC1D64001BA1AD /* RepositoryTableViewCell.swift */,
			);
			path = RepositorySearch;
			sourceTree = "<group>";
		};
		5A662C4F23083D1000BD0403 /* RepositoryDetail */ = {
			isa = PBXGroup;
			children = (
				5A662C5023083D2E00BD0403 /* DetailViewController.swift */,
				5A662C5223083DA700BD0403 /* DetailView.swift */,
				5A662C5423083DF300BD0403 /* DetailPresenter.xib */,
				5A4CBEC22308D4810056E710 /* CommunityProfileView.swift */,
				5A4CBEC62308D7F70056E710 /* CommunityProfileView.xib */,
				5A4CBEC82308E06A0056E710 /* ReleaseView.xib */,
				5A4CBECA2308E0770056E710 /* ReleaseView.swift */,
				5A4CBECC2308E93E0056E710 /* CollaboratorView.xib */,
				5A4CBECE2308E94F0056E710 /* CollaboratorView.swift */,
				5AA7E3DF2331E45A0011CE1B /* CollaboratorTitleView.xib */,
				5AA7E3E12331E4690011CE1B /* CollaboratorTitleView.swift */,
			);
			path = RepositoryDetail;
			sourceTree = "<group>";
		};
		5A667EA1231298DA00C8E190 /* Value */ = {
			isa = PBXGroup;
			children = (
				5A9C6D1222EFB5F800C41CB0 /* RequestErrorReason.swift */,
				5A94000F2301A32D005A549D /* GitHubAPIResponseHeader.swift */,
			);
			path = Value;
			sourceTree = "<group>";
		};
		5A7AAB46231BF4F1000BCD35 /* Application */ = {
			isa = PBXGroup;
			children = (
				5AADA60E22EC19B6001BA1AD /* DisplayData */,
				5A7AAB48231BF51B000BCD35 /* List */,
				5A7AAB47231BF514000BCD35 /* Detail */,
			);
			path = Application;
			sourceTree = "<group>";
		};
		5A7AAB47231BF514000BCD35 /* Detail */ = {
			isa = PBXGroup;
			children = (
				5A940D17230933ED00BD0A08 /* DetailViewModel.swift */,
			);
			path = Detail;
			sourceTree = "<group>";
		};
		5A7AAB48231BF51B000BCD35 /* List */ = {
			isa = PBXGroup;
			children = (
				5AADA61D22EC33AB001BA1AD /* SearchListViewModel.swift */,
			);
			path = List;
			sourceTree = "<group>";
		};
		5A8957412308278300A6099E /* Repository */ = {
			isa = PBXGroup;
			children = (
				5A8957422308279B00A6099E /* RepositoryDisplayData.swift */,
				5A4CBEBC2308CEAF0056E710 /* CommunityProfileDisplayData.swift */,
				5A4CBEC02308D2240056E710 /* ReleaseDisplayData.swift */,
			);
			path = Repository;
			sourceTree = "<group>";
		};
		5A923502232CEF6D001E5735 /* Entitiy */ = {
			isa = PBXGroup;
			children = (
				5A923503232CEF7A001E5735 /* Repository.swift */,
			);
			path = Entitiy;
			sourceTree = "<group>";
		};
		5A9B911422EBEB0500996712 = {
			isa = PBXGroup;
			children = (
				5A9B911F22EBEB0500996712 /* iOSLayeredSample */,
				5A9B913622EBEB0600996712 /* iOSLayeredSampleTests */,
				5A9B911E22EBEB0500996712 /* Products */,
			);
			sourceTree = "<group>";
		};
		5A9B911E22EBEB0500996712 /* Products */ = {
			isa = PBXGroup;
			children = (
				5A9B911D22EBEB0500996712 /* iOSLayeredSample.app */,
				5A9B913322EBEB0600996712 /* iOSLayeredSampleTests.xctest */,
			);
			name = Products;
			sourceTree = "<group>";
		};
		5A9B911F22EBEB0500996712 /* iOSLayeredSample */ = {
			isa = PBXGroup;
			children = (
				5AADA61A22EC1DB0001BA1AD /* Additions */,
				5AADA60922EC1708001BA1AD /* Resources */,
				5A9B914322EBEB1400996712 /* PresentationLayer */,
				5A7AAB46231BF4F1000BCD35 /* Application */,
				5A9B914222EBEB0C00996712 /* DomainLayer */,
				5AADA60F22EC19DE001BA1AD /* DataLayer */,
				5A9B912022EBEB0500996712 /* AppDelegate.swift */,
				5A9B912222EBEB0500996712 /* SceneDelegate.swift */,
				5A9B912622EBEB0500996712 /* Main.storyboard */,
				5A9B912922EBEB0600996712 /* Assets.xcassets */,
				5A9B912B22EBEB0600996712 /* LaunchScreen.storyboard */,
				5A9B912E22EBEB0600996712 /* Info.plist */,
			);
			path = iOSLayeredSample;
			sourceTree = "<group>";
		};
		5A9B913622EBEB0600996712 /* iOSLayeredSampleTests */ = {
			isa = PBXGroup;
			children = (
				5A9B913722EBEB0600996712 /* iOSLayeredSampleTests.swift */,
				5A9B913922EBEB0600996712 /* Info.plist */,
			);
			path = iOSLayeredSampleTests;
			sourceTree = "<group>";
		};
		5A9B914222EBEB0C00996712 /* DomainLayer */ = {
			isa = PBXGroup;
			children = (
				5A172984232E2E5000A9B6A1 /* Value */,
				5A923502232CEF6D001E5735 /* Entitiy */,
				5A61EEC822EF1FEA00054B92 /* UseCase */,
			);
			path = DomainLayer;
			sourceTree = "<group>";
		};
		5A9B914322EBEB1400996712 /* PresentationLayer */ = {
			isa = PBXGroup;
			children = (
				5A662C4F23083D1000BD0403 /* RepositoryDetail */,
				5A662C4E23083CBE00BD0403 /* RepositorySearch */,
				5AADA60D22EC199B001BA1AD /* Common */,
			);
			path = PresentationLayer;
			sourceTree = "<group>";
		};
		5A9B914522EBEB2900996712 /* Infrastructure */ = {
			isa = PBXGroup;
			children = (
				5A61EED322EF271B00054B92 /* HTTPRequestable.swift */,
			);
			path = Infrastructure;
			sourceTree = "<group>";
		};
		5A9EFC8623123F4000490D92 /* Common */ = {
			isa = PBXGroup;
			children = (
				5A9EFC8723123F5500490D92 /* StarColor.swift */,
				5AA7E3E323320BD00011CE1B /* DetailContributorTitleDisplayData.swift */,
			);
			path = Common;
			sourceTree = "<group>";
		};
		5A9EFC892312407A00490D92 /* PresentaitionExtension */ = {
			isa = PBXGroup;
			children = (
				5A9EFC8A2312409400490D92 /* StarColor+Extension.swift */,
			);
			path = PresentaitionExtension;
			sourceTree = "<group>";
		};
		5A9EFC8C231257A300490D92 /* View */ = {
			isa = PBXGroup;
			children = (
				5AB6D67322F59D46008C3D14 /* LoadingCell.xib */,
				5AB6D67522F59D7E008C3D14 /* LoadingCell.swift */,
				5ABB0BDC2308FE470072660A /* LoadingView.swift */,
				5ABB0BDE2308FE520072660A /* LoadingView.xib */,
			);
			path = View;
			sourceTree = "<group>";
		};
		5AA7671D231B975E002BDFDE /* APIRequestClient */ = {
			isa = PBXGroup;
			children = (
				5A61EED522EF2C8A00054B92 /* SearchRequestClient.swift */,
				5A662C5623083F6A00BD0403 /* ReleaseClient.swift */,
				5A662C5823083F9500BD0403 /* CollaboratorsClient.swift */,
				5A662C5A23083FC200BD0403 /* CommunityProfileClient.swift */,
				5ABAAC10231B9B9000AF76A7 /* GitHubAPIRequestable.swift */,
			);
			path = APIRequestClient;
			sourceTree = "<group>";
		};
		5AADA60922EC1708001BA1AD /* Resources */ = {
			isa = PBXGroup;
			children = (
				5AADA60A22EC1712001BA1AD /* Settings */,
			);
			path = Resources;
			sourceTree = "<group>";
		};
		5AADA60A22EC1712001BA1AD /* Settings */ = {
			isa = PBXGroup;
			children = (
				5AADA60B22EC1720001BA1AD /* APISettings.swift */,
			);
			path = Settings;
			sourceTree = "<group>";
		};
		5AADA60D22EC199B001BA1AD /* Common */ = {
			isa = PBXGroup;
			children = (
				5A9EFC8C231257A300490D92 /* View */,
			);
			path = Common;
			sourceTree = "<group>";
		};
		5AADA60E22EC19B6001BA1AD /* DisplayData */ = {
			isa = PBXGroup;
			children = (
				5A9EFC892312407A00490D92 /* PresentaitionExtension */,
				5A9EFC8623123F4000490D92 /* Common */,
				5A8957412308278300A6099E /* Repository */,
				5AADA61022EC1AB9001BA1AD /* User */,
				5AB6D66D22F54106008C3D14 /* LoadingDisplayData.swift */,
				5AB6D66F22F5419A008C3D14 /* Displayable.swift */,
				5AB6D67122F542E1008C3D14 /* ContentsStatus.swift */,
			);
			path = DisplayData;
			sourceTree = "<group>";
		};
		5AADA60F22EC19DE001BA1AD /* DataLayer */ = {
			isa = PBXGroup;
			children = (
				5A61EEC922EF1FF500054B92 /* Data */,
				5A667EA1231298DA00C8E190 /* Value */,
				5A61EECA22EF200400054B92 /* Repository */,
				5AA7671D231B975E002BDFDE /* APIRequestClient */,
				5A9B914522EBEB2900996712 /* Infrastructure */,
			);
			path = DataLayer;
			sourceTree = "<group>";
		};
		5AADA61022EC1AB9001BA1AD /* User */ = {
			isa = PBXGroup;
			children = (
				5A4CBEBA2308CAA30056E710 /* CollaboratorDisplayData.swift */,
			);
			path = User;
			sourceTree = "<group>";
		};
		5AADA61A22EC1DB0001BA1AD /* Additions */ = {
			isa = PBXGroup;
			children = (
				5AADA61B22EC1F47001BA1AD /* NSObject+Additions.swift */,
				5A9400112301AEDD005A549D /* UIView+Additions.swift */,
				5A4CBEBE2308D13A0056E710 /* Date+Additions.swift */,
				5A9EFC822311353300490D92 /* UISearchBarDelegateProxy.swift */,
				5A9EFC842311637100490D92 /* DispatchQueue+Additions.swift */,
			);
			path = Additions;
			sourceTree = "<group>";
		};
/* End PBXGroup section */

/* Begin PBXNativeTarget section */
		5A9B911C22EBEB0500996712 /* iOSLayeredSample */ = {
			isa = PBXNativeTarget;
			buildConfigurationList = 5A9B913C22EBEB0600996712 /* Build configuration list for PBXNativeTarget "iOSLayeredSample" */;
			buildPhases = (
				5A9B911922EBEB0500996712 /* Sources */,
				5A9B911A22EBEB0500996712 /* Frameworks */,
				5A9B911B22EBEB0500996712 /* Resources */,
			);
			buildRules = (
			);
			dependencies = (
			);
			name = iOSLayeredSample;
			packageProductDependencies = (
				5A9953042302F43D009FCDF9 /* Nuke */,
			);
			productName = iOSLayeredSample;
			productReference = 5A9B911D22EBEB0500996712 /* iOSLayeredSample.app */;
			productType = "com.apple.product-type.application";
		};
		5A9B913222EBEB0600996712 /* iOSLayeredSampleTests */ = {
			isa = PBXNativeTarget;
			buildConfigurationList = 5A9B913F22EBEB0600996712 /* Build configuration list for PBXNativeTarget "iOSLayeredSampleTests" */;
			buildPhases = (
				5A9B912F22EBEB0600996712 /* Sources */,
				5A9B913022EBEB0600996712 /* Frameworks */,
				5A9B913122EBEB0600996712 /* Resources */,
			);
			buildRules = (
			);
			dependencies = (
				5A9B913522EBEB0600996712 /* PBXTargetDependency */,
			);
			name = iOSLayeredSampleTests;
			productName = iOSLayeredSampleTests;
			productReference = 5A9B913322EBEB0600996712 /* iOSLayeredSampleTests.xctest */;
			productType = "com.apple.product-type.bundle.unit-test";
		};
/* End PBXNativeTarget section */

/* Begin PBXProject section */
		5A9B911522EBEB0500996712 /* Project object */ = {
			isa = PBXProject;
			attributes = {
				LastSwiftUpdateCheck = 1100;
				LastUpgradeCheck = 1100;
				ORGANIZATIONNAME = rnishimu22001;
				TargetAttributes = {
					5A9B911C22EBEB0500996712 = {
						CreatedOnToolsVersion = 11.0;
					};
					5A9B913222EBEB0600996712 = {
						CreatedOnToolsVersion = 11.0;
						TestTargetID = 5A9B911C22EBEB0500996712;
					};
				};
			};
			buildConfigurationList = 5A9B911822EBEB0500996712 /* Build configuration list for PBXProject "iOSLayeredSample" */;
			compatibilityVersion = "Xcode 9.3";
			developmentRegion = en;
			hasScannedForEncodings = 0;
			knownRegions = (
				en,
				Base,
			);
			mainGroup = 5A9B911422EBEB0500996712;
			packageReferences = (
				5A9953032302F43D009FCDF9 /* XCRemoteSwiftPackageReference "Nuke" */,
			);
			productRefGroup = 5A9B911E22EBEB0500996712 /* Products */;
			projectDirPath = "";
			projectRoot = "";
			targets = (
				5A9B911C22EBEB0500996712 /* iOSLayeredSample */,
				5A9B913222EBEB0600996712 /* iOSLayeredSampleTests */,
			);
		};
/* End PBXProject section */

/* Begin PBXResourcesBuildPhase section */
		5A9B911B22EBEB0500996712 /* Resources */ = {
			isa = PBXResourcesBuildPhase;
			buildActionMask = 2147483647;
			files = (
				5AB6D67422F59D46008C3D14 /* LoadingCell.xib in Resources */,
				5A9B912D22EBEB0600996712 /* LaunchScreen.storyboard in Resources */,
				5A4CBEC72308D7F70056E710 /* CommunityProfileView.xib in Resources */,
				5A4CBEC92308E06A0056E710 /* ReleaseView.xib in Resources */,
				5A4CBECD2308E93E0056E710 /* CollaboratorView.xib in Resources */,
				5AADA5FE22EC105D001BA1AD /* SearchListView.xib in Resources */,
				5A9B912A22EBEB0600996712 /* Assets.xcassets in Resources */,
				5AA7E3E02331E45A0011CE1B /* CollaboratorTitleView.xib in Resources */,
				5A662C5523083DF300BD0403 /* DetailPresenter.xib in Resources */,
				5AADA61722EC1D58001BA1AD /* RepositoryTableViewCell.xib in Resources */,
				5ABB0BDF2308FE520072660A /* LoadingView.xib in Resources */,
				5A9B912822EBEB0500996712 /* Main.storyboard in Resources */,
			);
			runOnlyForDeploymentPostprocessing = 0;
		};
		5A9B913122EBEB0600996712 /* Resources */ = {
			isa = PBXResourcesBuildPhase;
			buildActionMask = 2147483647;
			files = (
			);
			runOnlyForDeploymentPostprocessing = 0;
		};
/* End PBXResourcesBuildPhase section */

/* Begin PBXSourcesBuildPhase section */
		5A9B911922EBEB0500996712 /* Sources */ = {
			isa = PBXSourcesBuildPhase;
			buildActionMask = 2147483647;
			files = (
				5A9EFC8823123F5500490D92 /* StarColor.swift in Sources */,
				5A4CBEBF2308D13A0056E710 /* Date+Additions.swift in Sources */,
				5AA7E3E22331E4690011CE1B /* CollaboratorTitleView.swift in Sources */,
				5A662C5D230841F400BD0403 /* ReleaseData.swift in Sources */,
				5AB6D67622F59D7E008C3D14 /* LoadingCell.swift in Sources */,
				5A9EFC832311353300490D92 /* UISearchBarDelegateProxy.swift in Sources */,
				5A940D1A2309349400BD0A08 /* DetailUseCase.swift in Sources */,
				5AADA60C22EC1720001BA1AD /* APISettings.swift in Sources */,
				5A923504232CEF7A001E5735 /* Repository.swift in Sources */,
				5A8957432308279B00A6099E /* RepositoryDisplayData.swift in Sources */,
				5A662C5923083F9500BD0403 /* CollaboratorsClient.swift in Sources */,
				5A662C5123083D2E00BD0403 /* DetailViewController.swift in Sources */,
				5ABAAC11231B9B9000AF76A7 /* GitHubAPIRequestable.swift in Sources */,
				5A9C6D1322EFB5F800C41CB0 /* RequestErrorReason.swift in Sources */,
				5A61EED422EF271B00054B92 /* HTTPRequestable.swift in Sources */,
				5A662C5F2308423800BD0403 /* CommunityProfileData.swift in Sources */,
				5AADA61322EC1B66001BA1AD /* ListPresenter.swift in Sources */,
				5A61EED622EF2C8A00054B92 /* SearchRequestClient.swift in Sources */,
				5ABB0BDD2308FE470072660A /* LoadingView.swift in Sources */,
				5AADA61922EC1D64001BA1AD /* RepositoryTableViewCell.swift in Sources */,
				5A4CBEC32308D4810056E710 /* CommunityProfileView.swift in Sources */,
				5AADA5FA22EC101A001BA1AD /* SearchListView.swift in Sources */,
				5A74E1662307F20600EFEA7C /* RepositoryData.swift in Sources */,
				5A923506232CEF86001E5735 /* Release.swift in Sources */,
				5A662C5B23083FC200BD0403 /* CommunityProfileClient.swift in Sources */,
				5A940D18230933ED00BD0A08 /* DetailViewModel.swift in Sources */,
				5A662C61230842BB00BD0403 /* CollaboratorData.swift in Sources */,
				5A61EECE22EF208B00054B92 /* SearchListUseCase.swift in Sources */,
				5A9B912122EBEB0500996712 /* AppDelegate.swift in Sources */,
				5A662C5323083DA700BD0403 /* DetailView.swift in Sources */,
				5A4CBEC12308D2240056E710 /* ReleaseDisplayData.swift in Sources */,
				5A4CBECF2308E94F0056E710 /* CollaboratorView.swift in Sources */,
				5AA7E3E423320BD00011CE1B /* DetailContributorTitleDisplayData.swift in Sources */,
				5AADA61E22EC33AB001BA1AD /* SearchListViewModel.swift in Sources */,
				5A4CBECB2308E0770056E710 /* ReleaseView.swift in Sources */,
				5AB6D66E22F54106008C3D14 /* LoadingDisplayData.swift in Sources */,
				5A9EFC852311637100490D92 /* DispatchQueue+Additions.swift in Sources */,
				5A667EA02312858E00C8E190 /* CommunityProfileRepository.swift in Sources */,
				5AB6D67222F542E1008C3D14 /* ContentsStatus.swift in Sources */,
				5A9400122301AEDD005A549D /* UIView+Additions.swift in Sources */,
				5AB6D67022F5419A008C3D14 /* Displayable.swift in Sources */,
				5A4CBEBB2308CAA30056E710 /* CollaboratorDisplayData.swift in Sources */,
				5AADA61C22EC1F47001BA1AD /* NSObject+Additions.swift in Sources */,
				5A667EA723129FF900C8E190 /* CollaboratorRepository.swift in Sources */,
				5A667EA523129C3E00C8E190 /* ReleaseRepository.swift in Sources */,
				5A92350A232CEF9B001E5735 /* Collaborator.swift in Sources */,
				5A9EFC8B2312409400490D92 /* StarColor+Extension.swift in Sources */,
				5A4CBEBD2308CEAF0056E710 /* CommunityProfileDisplayData.swift in Sources */,
				5A9B912322EBEB0500996712 /* SceneDelegate.swift in Sources */,
				5A61EED222EF265B00054B92 /* SearchRepository.swift in Sources */,
				5A923508232CEF91001E5735 /* CommunityProfile.swift in Sources */,
				5A9400102301A32D005A549D /* GitHubAPIResponseHeader.swift in Sources */,
				5A662C5723083F6A00BD0403 /* ReleaseClient.swift in Sources */,
				5AADA60822EC16CC001BA1AD /* SearchListViewController.swift in Sources */,
			);
			runOnlyForDeploymentPostprocessing = 0;
		};
		5A9B912F22EBEB0600996712 /* Sources */ = {
			isa = PBXSourcesBuildPhase;
			buildActionMask = 2147483647;
			files = (
				5A9B913822EBEB0600996712 /* iOSLayeredSampleTests.swift in Sources */,
			);
			runOnlyForDeploymentPostprocessing = 0;
		};
/* End PBXSourcesBuildPhase section */

/* Begin PBXTargetDependency section */
		5A9B913522EBEB0600996712 /* PBXTargetDependency */ = {
			isa = PBXTargetDependency;
			target = 5A9B911C22EBEB0500996712 /* iOSLayeredSample */;
			targetProxy = 5A9B913422EBEB0600996712 /* PBXContainerItemProxy */;
		};
/* End PBXTargetDependency section */

/* Begin PBXVariantGroup section */
		5A9B912622EBEB0500996712 /* Main.storyboard */ = {
			isa = PBXVariantGroup;
			children = (
				5A9B912722EBEB0500996712 /* Base */,
			);
			name = Main.storyboard;
			sourceTree = "<group>";
		};
		5A9B912B22EBEB0600996712 /* LaunchScreen.storyboard */ = {
			isa = PBXVariantGroup;
			children = (
				5A9B912C22EBEB0600996712 /* Base */,
			);
			name = LaunchScreen.storyboard;
			sourceTree = "<group>";
		};
/* End PBXVariantGroup section */

/* Begin XCBuildConfiguration section */
		5A9B913A22EBEB0600996712 /* Debug */ = {
			isa = XCBuildConfiguration;
			buildSettings = {
				ALWAYS_SEARCH_USER_PATHS = NO;
				CLANG_ANALYZER_NONNULL = YES;
				CLANG_ANALYZER_NUMBER_OBJECT_CONVERSION = YES_AGGRESSIVE;
				CLANG_CXX_LANGUAGE_STANDARD = "gnu++14";
				CLANG_CXX_LIBRARY = "libc++";
				CLANG_ENABLE_MODULES = YES;
				CLANG_ENABLE_OBJC_ARC = YES;
				CLANG_ENABLE_OBJC_WEAK = YES;
				CLANG_WARN_BLOCK_CAPTURE_AUTORELEASING = YES;
				CLANG_WARN_BOOL_CONVERSION = YES;
				CLANG_WARN_COMMA = YES;
				CLANG_WARN_CONSTANT_CONVERSION = YES;
				CLANG_WARN_DEPRECATED_OBJC_IMPLEMENTATIONS = YES;
				CLANG_WARN_DIRECT_OBJC_ISA_USAGE = YES_ERROR;
				CLANG_WARN_DOCUMENTATION_COMMENTS = YES;
				CLANG_WARN_EMPTY_BODY = YES;
				CLANG_WARN_ENUM_CONVERSION = YES;
				CLANG_WARN_INFINITE_RECURSION = YES;
				CLANG_WARN_INT_CONVERSION = YES;
				CLANG_WARN_NON_LITERAL_NULL_CONVERSION = YES;
				CLANG_WARN_OBJC_IMPLICIT_RETAIN_SELF = YES;
				CLANG_WARN_OBJC_LITERAL_CONVERSION = YES;
				CLANG_WARN_OBJC_ROOT_CLASS = YES_ERROR;
				CLANG_WARN_RANGE_LOOP_ANALYSIS = YES;
				CLANG_WARN_STRICT_PROTOTYPES = YES;
				CLANG_WARN_SUSPICIOUS_MOVE = YES;
				CLANG_WARN_UNGUARDED_AVAILABILITY = YES_AGGRESSIVE;
				CLANG_WARN_UNREACHABLE_CODE = YES;
				CLANG_WARN__DUPLICATE_METHOD_MATCH = YES;
				COPY_PHASE_STRIP = NO;
				DEBUG_INFORMATION_FORMAT = dwarf;
				ENABLE_STRICT_OBJC_MSGSEND = YES;
				ENABLE_TESTABILITY = YES;
				GCC_C_LANGUAGE_STANDARD = gnu11;
				GCC_DYNAMIC_NO_PIC = NO;
				GCC_NO_COMMON_BLOCKS = YES;
				GCC_OPTIMIZATION_LEVEL = 0;
				GCC_PREPROCESSOR_DEFINITIONS = (
					"DEBUG=1",
					"$(inherited)",
				);
				GCC_WARN_64_TO_32_BIT_CONVERSION = YES;
				GCC_WARN_ABOUT_RETURN_TYPE = YES_ERROR;
				GCC_WARN_UNDECLARED_SELECTOR = YES;
				GCC_WARN_UNINITIALIZED_AUTOS = YES_AGGRESSIVE;
				GCC_WARN_UNUSED_FUNCTION = YES;
				GCC_WARN_UNUSED_VARIABLE = YES;
				IPHONEOS_DEPLOYMENT_TARGET = 13.0;
				MTL_ENABLE_DEBUG_INFO = INCLUDE_SOURCE;
				MTL_FAST_MATH = YES;
				ONLY_ACTIVE_ARCH = YES;
				SDKROOT = iphoneos;
				SWIFT_ACTIVE_COMPILATION_CONDITIONS = DEBUG;
				SWIFT_OPTIMIZATION_LEVEL = "-Onone";
			};
			name = Debug;
		};
		5A9B913B22EBEB0600996712 /* Release */ = {
			isa = XCBuildConfiguration;
			buildSettings = {
				ALWAYS_SEARCH_USER_PATHS = NO;
				CLANG_ANALYZER_NONNULL = YES;
				CLANG_ANALYZER_NUMBER_OBJECT_CONVERSION = YES_AGGRESSIVE;
				CLANG_CXX_LANGUAGE_STANDARD = "gnu++14";
				CLANG_CXX_LIBRARY = "libc++";
				CLANG_ENABLE_MODULES = YES;
				CLANG_ENABLE_OBJC_ARC = YES;
				CLANG_ENABLE_OBJC_WEAK = YES;
				CLANG_WARN_BLOCK_CAPTURE_AUTORELEASING = YES;
				CLANG_WARN_BOOL_CONVERSION = YES;
				CLANG_WARN_COMMA = YES;
				CLANG_WARN_CONSTANT_CONVERSION = YES;
				CLANG_WARN_DEPRECATED_OBJC_IMPLEMENTATIONS = YES;
				CLANG_WARN_DIRECT_OBJC_ISA_USAGE = YES_ERROR;
				CLANG_WARN_DOCUMENTATION_COMMENTS = YES;
				CLANG_WARN_EMPTY_BODY = YES;
				CLANG_WARN_ENUM_CONVERSION = YES;
				CLANG_WARN_INFINITE_RECURSION = YES;
				CLANG_WARN_INT_CONVERSION = YES;
				CLANG_WARN_NON_LITERAL_NULL_CONVERSION = YES;
				CLANG_WARN_OBJC_IMPLICIT_RETAIN_SELF = YES;
				CLANG_WARN_OBJC_LITERAL_CONVERSION = YES;
				CLANG_WARN_OBJC_ROOT_CLASS = YES_ERROR;
				CLANG_WARN_RANGE_LOOP_ANALYSIS = YES;
				CLANG_WARN_STRICT_PROTOTYPES = YES;
				CLANG_WARN_SUSPICIOUS_MOVE = YES;
				CLANG_WARN_UNGUARDED_AVAILABILITY = YES_AGGRESSIVE;
				CLANG_WARN_UNREACHABLE_CODE = YES;
				CLANG_WARN__DUPLICATE_METHOD_MATCH = YES;
				COPY_PHASE_STRIP = NO;
				DEBUG_INFORMATION_FORMAT = "dwarf-with-dsym";
				ENABLE_NS_ASSERTIONS = NO;
				ENABLE_STRICT_OBJC_MSGSEND = YES;
				GCC_C_LANGUAGE_STANDARD = gnu11;
				GCC_NO_COMMON_BLOCKS = YES;
				GCC_WARN_64_TO_32_BIT_CONVERSION = YES;
				GCC_WARN_ABOUT_RETURN_TYPE = YES_ERROR;
				GCC_WARN_UNDECLARED_SELECTOR = YES;
				GCC_WARN_UNINITIALIZED_AUTOS = YES_AGGRESSIVE;
				GCC_WARN_UNUSED_FUNCTION = YES;
				GCC_WARN_UNUSED_VARIABLE = YES;
				IPHONEOS_DEPLOYMENT_TARGET = 13.0;
				MTL_ENABLE_DEBUG_INFO = NO;
				MTL_FAST_MATH = YES;
				SDKROOT = iphoneos;
				SWIFT_COMPILATION_MODE = wholemodule;
				SWIFT_OPTIMIZATION_LEVEL = "-O";
				VALIDATE_PRODUCT = YES;
			};
			name = Release;
		};
		5A9B913D22EBEB0600996712 /* Debug */ = {
			isa = XCBuildConfiguration;
			buildSettings = {
				ASSETCATALOG_COMPILER_APPICON_NAME = AppIcon;
				CODE_SIGN_STYLE = Automatic;
				INFOPLIST_FILE = iOSLayeredSample/Info.plist;
				LD_RUNPATH_SEARCH_PATHS = (
					"$(inherited)",
					"@executable_path/Frameworks",
				);
				PRODUCT_BUNDLE_IDENTIFIER = jp.co.rnishimu22001.iOSLayeredSample;
				PRODUCT_NAME = "$(TARGET_NAME)";
				SWIFT_VERSION = 5.0;
				TARGETED_DEVICE_FAMILY = "1,2";
			};
			name = Debug;
		};
		5A9B913E22EBEB0600996712 /* Release */ = {
			isa = XCBuildConfiguration;
			buildSettings = {
				ASSETCATALOG_COMPILER_APPICON_NAME = AppIcon;
				CODE_SIGN_STYLE = Automatic;
				INFOPLIST_FILE = iOSLayeredSample/Info.plist;
				LD_RUNPATH_SEARCH_PATHS = (
					"$(inherited)",
					"@executable_path/Frameworks",
				);
				PRODUCT_BUNDLE_IDENTIFIER = jp.co.rnishimu22001.iOSLayeredSample;
				PRODUCT_NAME = "$(TARGET_NAME)";
				SWIFT_VERSION = 5.0;
				TARGETED_DEVICE_FAMILY = "1,2";
			};
			name = Release;
		};
		5A9B914022EBEB0600996712 /* Debug */ = {
			isa = XCBuildConfiguration;
			buildSettings = {
				ALWAYS_EMBED_SWIFT_STANDARD_LIBRARIES = YES;
				BUNDLE_LOADER = "$(TEST_HOST)";
				CODE_SIGN_STYLE = Automatic;
				INFOPLIST_FILE = iOSLayeredSampleTests/Info.plist;
				LD_RUNPATH_SEARCH_PATHS = (
					"$(inherited)",
					"@executable_path/Frameworks",
					"@loader_path/Frameworks",
				);
				PRODUCT_BUNDLE_IDENTIFIER = jp.co.rnishimu22001.iOSLayeredSampleTests;
				PRODUCT_NAME = "$(TARGET_NAME)";
				SWIFT_VERSION = 5.0;
				TARGETED_DEVICE_FAMILY = "1,2";
				TEST_HOST = "$(BUILT_PRODUCTS_DIR)/iOSLayeredSample.app/iOSLayeredSample";
			};
			name = Debug;
		};
		5A9B914122EBEB0600996712 /* Release */ = {
			isa = XCBuildConfiguration;
			buildSettings = {
				ALWAYS_EMBED_SWIFT_STANDARD_LIBRARIES = YES;
				BUNDLE_LOADER = "$(TEST_HOST)";
				CODE_SIGN_STYLE = Automatic;
				INFOPLIST_FILE = iOSLayeredSampleTests/Info.plist;
				LD_RUNPATH_SEARCH_PATHS = (
					"$(inherited)",
					"@executable_path/Frameworks",
					"@loader_path/Frameworks",
				);
				PRODUCT_BUNDLE_IDENTIFIER = jp.co.rnishimu22001.iOSLayeredSampleTests;
				PRODUCT_NAME = "$(TARGET_NAME)";
				SWIFT_VERSION = 5.0;
				TARGETED_DEVICE_FAMILY = "1,2";
				TEST_HOST = "$(BUILT_PRODUCTS_DIR)/iOSLayeredSample.app/iOSLayeredSample";
			};
			name = Release;
		};
/* End XCBuildConfiguration section */

/* Begin XCConfigurationList section */
		5A9B911822EBEB0500996712 /* Build configuration list for PBXProject "iOSLayeredSample" */ = {
			isa = XCConfigurationList;
			buildConfigurations = (
				5A9B913A22EBEB0600996712 /* Debug */,
				5A9B913B22EBEB0600996712 /* Release */,
			);
			defaultConfigurationIsVisible = 0;
			defaultConfigurationName = Release;
		};
		5A9B913C22EBEB0600996712 /* Build configuration list for PBXNativeTarget "iOSLayeredSample" */ = {
			isa = XCConfigurationList;
			buildConfigurations = (
				5A9B913D22EBEB0600996712 /* Debug */,
				5A9B913E22EBEB0600996712 /* Release */,
			);
			defaultConfigurationIsVisible = 0;
			defaultConfigurationName = Release;
		};
		5A9B913F22EBEB0600996712 /* Build configuration list for PBXNativeTarget "iOSLayeredSampleTests" */ = {
			isa = XCConfigurationList;
			buildConfigurations = (
				5A9B914022EBEB0600996712 /* Debug */,
				5A9B914122EBEB0600996712 /* Release */,
			);
			defaultConfigurationIsVisible = 0;
			defaultConfigurationName = Release;
		};
/* End XCConfigurationList section */

/* Begin XCRemoteSwiftPackageReference section */
		5A9953032302F43D009FCDF9 /* XCRemoteSwiftPackageReference "Nuke" */ = {
			isa = XCRemoteSwiftPackageReference;
			repositoryURL = "https://github.com/kean/Nuke";
			requirement = {
				kind = upToNextMajorVersion;
				minimumVersion = 8.0.1;
			};
		};
/* End XCRemoteSwiftPackageReference section */

/* Begin XCSwiftPackageProductDependency section */
		5A9953042302F43D009FCDF9 /* Nuke */ = {
			isa = XCSwiftPackageProductDependency;
			package = 5A9953032302F43D009FCDF9 /* XCRemoteSwiftPackageReference "Nuke" */;
			productName = Nuke;
		};
/* End XCSwiftPackageProductDependency section */
	};
	rootObject = 5A9B911522EBEB0500996712 /* Project object */;
}
